// !$*UTF8*$!
{
	archiveVersion = 1;
	classes = {
	};
	objectVersion = 45;
	objects = {

/* Begin PBXBuildFile section */
		1D60589B0D05DD56006BFB54 /* main.m in Sources */ = {isa = PBXBuildFile; fileRef = 29B97316FDCFA39411CA2CEA /* main.m */; };
		1D60589F0D05DD5A006BFB54 /* Foundation.framework in Frameworks */ = {isa = PBXBuildFile; fileRef = 1D30AB110D05D00D00671497 /* Foundation.framework */; };
		1DF5F4E00D08C38300B7A737 /* UIKit.framework in Frameworks */ = {isa = PBXBuildFile; fileRef = 1DF5F4DF0D08C38300B7A737 /* UIKit.framework */; };
		288765FD0DF74451002DB57D /* CoreGraphics.framework in Frameworks */ = {isa = PBXBuildFile; fileRef = 288765FC0DF74451002DB57D /* CoreGraphics.framework */; };
		64716CF910617C26004A9B26 /* AddressBook.framework in Frameworks */ = {isa = PBXBuildFile; fileRef = 64716CF010617C08004A9B26 /* AddressBook.framework */; };
		64716CFA10617C26004A9B26 /* AddressBookUI.framework in Frameworks */ = {isa = PBXBuildFile; fileRef = 64716CF210617C08004A9B26 /* AddressBookUI.framework */; };
		6497E523107B0247000AC9BC /* Entitlements.plist in Resources */ = {isa = PBXBuildFile; fileRef = 6497E522107B0247000AC9BC /* Entitlements.plist */; };
		75EFE2EF13CE104800DD8D0E /* BoxBlueGradientBackground.gif in Resources */ = {isa = PBXBuildFile; fileRef = 75EFE2DC13CE104800DD8D0E /* BoxBlueGradientBackground.gif */; };
		75EFE2F013CE104800DD8D0E /* BoxBoxLogo.gif in Resources */ = {isa = PBXBuildFile; fileRef = 75EFE2DD13CE104800DD8D0E /* BoxBoxLogo.gif */; };
		75EFE2F113CE104800DD8D0E /* BoxCollabFolder.png in Resources */ = {isa = PBXBuildFile; fileRef = 75EFE2DE13CE104800DD8D0E /* BoxCollabFolder.png */; };
		75EFE2F213CE104800DD8D0E /* BoxDocumentIcon.png in Resources */ = {isa = PBXBuildFile; fileRef = 75EFE2DF13CE104800DD8D0E /* BoxDocumentIcon.png */; };
		75EFE2F313CE104800DD8D0E /* BoxFileInfoField.png in Resources */ = {isa = PBXBuildFile; fileRef = 75EFE2E013CE104800DD8D0E /* BoxFileInfoField.png */; };
		75EFE2F413CE104800DD8D0E /* BoxFolderIcon-old.png in Resources */ = {isa = PBXBuildFile; fileRef = 75EFE2E113CE104800DD8D0E /* BoxFolderIcon-old.png */; };
		75EFE2F513CE104800DD8D0E /* BoxFolderIcon.png in Resources */ = {isa = PBXBuildFile; fileRef = 75EFE2E213CE104800DD8D0E /* BoxFolderIcon.png */; };
		75EFE2F613CE104800DD8D0E /* BoxFolderIconShared.gif in Resources */ = {isa = PBXBuildFile; fileRef = 75EFE2E313CE104800DD8D0E /* BoxFolderIconShared.gif */; };
		75EFE2F713CE104800DD8D0E /* BoxLargeButtonImage.png in Resources */ = {isa = PBXBuildFile; fileRef = 75EFE2E413CE104800DD8D0E /* BoxLargeButtonImage.png */; };
		75EFE2F813CE104800DD8D0E /* BoxLoginFormField.gif in Resources */ = {isa = PBXBuildFile; fileRef = 75EFE2E513CE104800DD8D0E /* BoxLoginFormField.gif */; };
		75EFE2F913CE104800DD8D0E /* BoxLoginTableViewBackground.png in Resources */ = {isa = PBXBuildFile; fileRef = 75EFE2E613CE104800DD8D0E /* BoxLoginTableViewBackground.png */; };
		75EFE2FA13CE104800DD8D0E /* BoxRegistrationFields-old.png in Resources */ = {isa = PBXBuildFile; fileRef = 75EFE2E713CE104800DD8D0E /* BoxRegistrationFields-old.png */; };
		75EFE2FB13CE104800DD8D0E /* BoxRegistrationFields.png in Resources */ = {isa = PBXBuildFile; fileRef = 75EFE2E813CE104800DD8D0E /* BoxRegistrationFields.png */; };
		75EFE2FC13CE104800DD8D0E /* BoxSectionBarBackground.png in Resources */ = {isa = PBXBuildFile; fileRef = 75EFE2E913CE104800DD8D0E /* BoxSectionBarBackground.png */; };
		75EFE2FD13CE104800DD8D0E /* BoxSmallButtonImage.png in Resources */ = {isa = PBXBuildFile; fileRef = 75EFE2EA13CE104800DD8D0E /* BoxSmallButtonImage.png */; };
		75EFE2FE13CE104800DD8D0E /* BoxTopBarLogo.png in Resources */ = {isa = PBXBuildFile; fileRef = 75EFE2EB13CE104800DD8D0E /* BoxTopBarLogo.png */; };
		75EFE2FF13CE104800DD8D0E /* BoxUserIcon.png in Resources */ = {isa = PBXBuildFile; fileRef = 75EFE2EC13CE104800DD8D0E /* BoxUserIcon.png */; };
		75EFE30013CE104800DD8D0E /* Simple Text Format.rtf in Resources */ = {isa = PBXBuildFile; fileRef = 75EFE2ED13CE104800DD8D0E /* Simple Text Format.rtf */; };
		75EFE30113CE104800DD8D0E /* Simple Word Doc.docx in Resources */ = {isa = PBXBuildFile; fileRef = 75EFE2EE13CE104800DD8D0E /* Simple Word Doc.docx */; };
		75EFE38B13CE110400DD8D0E /* BoxPopupAppDelegate.m in Sources */ = {isa = PBXBuildFile; fileRef = 75EFE30413CE110400DD8D0E /* BoxPopupAppDelegate.m */; };
		75EFE38C13CE110400DD8D0E /* BoxActionTableViewController.m in Sources */ = {isa = PBXBuildFile; fileRef = 75EFE30913CE110400DD8D0E /* BoxActionTableViewController.m */; };
		75EFE38D13CE110400DD8D0E /* BoxActionTextInputController.m in Sources */ = {isa = PBXBuildFile; fileRef = 75EFE30B13CE110400DD8D0E /* BoxActionTextInputController.m */; };
		75EFE38E13CE110400DD8D0E /* BoxCommentTableViewController.m in Sources */ = {isa = PBXBuildFile; fileRef = 75EFE30D13CE110400DD8D0E /* BoxCommentTableViewController.m */; };
		75EFE38F13CE110400DD8D0E /* BoxCommonUISetup.m in Sources */ = {isa = PBXBuildFile; fileRef = 75EFE30F13CE110400DD8D0E /* BoxCommonUISetup.m */; };
		75EFE39013CE110400DD8D0E /* BoxFlipViewController.m in Sources */ = {isa = PBXBuildFile; fileRef = 75EFE31113CE110400DD8D0E /* BoxFlipViewController.m */; };
		75EFE39113CE110400DD8D0E /* BoxFolderChooserTableViewController.m in Sources */ = {isa = PBXBuildFile; fileRef = 75EFE31313CE110400DD8D0E /* BoxFolderChooserTableViewController.m */; };
		75EFE39213CE110400DD8D0E /* BoxLoginBuilder.m in Sources */ = {isa = PBXBuildFile; fileRef = 75EFE31513CE110400DD8D0E /* BoxLoginBuilder.m */; };
		75EFE39313CE110400DD8D0E /* BoxLoginController.m in Sources */ = {isa = PBXBuildFile; fileRef = 75EFE31713CE110400DD8D0E /* BoxLoginController.m */; };
		75EFE39413CE110400DD8D0E /* BoxLoginTableViewController.m in Sources */ = {isa = PBXBuildFile; fileRef = 75EFE31913CE110400DD8D0E /* BoxLoginTableViewController.m */; };
		75EFE39513CE110400DD8D0E /* BoxPopupController.m in Sources */ = {isa = PBXBuildFile; fileRef = 75EFE31B13CE110400DD8D0E /* BoxPopupController.m */; };
		75EFE39613CE110400DD8D0E /* BoxPopupExampleController.m in Sources */ = {isa = PBXBuildFile; fileRef = 75EFE31D13CE110400DD8D0E /* BoxPopupExampleController.m */; };
		75EFE39713CE110400DD8D0E /* BoxPopupMainViewController.m in Sources */ = {isa = PBXBuildFile; fileRef = 75EFE31F13CE110400DD8D0E /* BoxPopupMainViewController.m */; };
		75EFE39813CE110400DD8D0E /* BoxRegisterViewController.m in Sources */ = {isa = PBXBuildFile; fileRef = 75EFE32113CE110400DD8D0E /* BoxRegisterViewController.m */; };
		75EFE39913CE110400DD8D0E /* BoxShareActionInputController.m in Sources */ = {isa = PBXBuildFile; fileRef = 75EFE32313CE110400DD8D0E /* BoxShareActionInputController.m */; };
		75EFE39A13CE110400DD8D0E /* BoxSpinnerOverlayViewController.m in Sources */ = {isa = PBXBuildFile; fileRef = 75EFE32513CE110400DD8D0E /* BoxSpinnerOverlayViewController.m */; };
		75EFE39B13CE110400DD8D0E /* BoxFile.m in Sources */ = {isa = PBXBuildFile; fileRef = 75EFE32813CE110400DD8D0E /* BoxFile.m */; };
		75EFE39C13CE110400DD8D0E /* BoxFolder+SaveableFolder.m in Sources */ = {isa = PBXBuildFile; fileRef = 75EFE32A13CE110400DD8D0E /* BoxFolder+SaveableFolder.m */; };
		75EFE39D13CE110400DD8D0E /* BoxFolder.m in Sources */ = {isa = PBXBuildFile; fileRef = 75EFE32C13CE110400DD8D0E /* BoxFolder.m */; };
		75EFE39E13CE110400DD8D0E /* BoxComment.m in Sources */ = {isa = PBXBuildFile; fileRef = 75EFE32E13CE110400DD8D0E /* BoxComment.m */; };
		75EFE39F13CE110400DD8D0E /* BoxObject.m in Sources */ = {isa = PBXBuildFile; fileRef = 75EFE33013CE110400DD8D0E /* BoxObject.m */; };
		75EFE3A113CE110400DD8D0E /* BoxRESTApiFactory.m in Sources */ = {isa = PBXBuildFile; fileRef = 75EFE33513CE110400DD8D0E /* BoxRESTApiFactory.m */; };
		75EFE3A213CE110400DD8D0E /* BoxUpdate.m in Sources */ = {isa = PBXBuildFile; fileRef = 75EFE33713CE110400DD8D0E /* BoxUpdate.m */; };
		75EFE3A313CE110400DD8D0E /* BoxUser.m in Sources */ = {isa = PBXBuildFile; fileRef = 75EFE33913CE110400DD8D0E /* BoxUser.m */; };
		75EFE3A413CE110400DD8D0E /* BoxCommentsListModelXMLBuilder.m in Sources */ = {isa = PBXBuildFile; fileRef = 75EFE33C13CE110400DD8D0E /* BoxCommentsListModelXMLBuilder.m */; };
		75EFE3A513CE110400DD8D0E /* BoxFolderXMLBuilder.m in Sources */ = {isa = PBXBuildFile; fileRef = 75EFE33E13CE110400DD8D0E /* BoxFolderXMLBuilder.m */; };
		75EFE3A613CE110400DD8D0E /* BoxHTTPRequestBuilders.m in Sources */ = {isa = PBXBuildFile; fileRef = 75EFE34013CE110400DD8D0E /* BoxHTTPRequestBuilders.m */; };
		75EFE3A913CE110400DD8D0E /* BoxUpdatesListModelXMLBuilder.m in Sources */ = {isa = PBXBuildFile; fileRef = 75EFE34613CE110400DD8D0E /* BoxUpdatesListModelXMLBuilder.m */; };
		75EFE3AA13CE110400DD8D0E /* BoxAddCommentsOperation.m in Sources */ = {isa = PBXBuildFile; fileRef = 75EFE34913CE110400DD8D0E /* BoxAddCommentsOperation.m */; };
		75EFE3AB13CE110400DD8D0E /* BoxAPIOperation.m in Sources */ = {isa = PBXBuildFile; fileRef = 75EFE34B13CE110400DD8D0E /* BoxAPIOperation.m */; };
		75EFE3AC13CE110400DD8D0E /* BoxCopyOperation.m in Sources */ = {isa = PBXBuildFile; fileRef = 75EFE34D13CE110400DD8D0E /* BoxCopyOperation.m */; };
		75EFE3AD13CE110400DD8D0E /* BoxCreateFolderOperation.m in Sources */ = {isa = PBXBuildFile; fileRef = 75EFE34F13CE110400DD8D0E /* BoxCreateFolderOperation.m */; };
		75EFE3AE13CE110400DD8D0E /* BoxDeleteCommentOperation.m in Sources */ = {isa = PBXBuildFile; fileRef = 75EFE35113CE110400DD8D0E /* BoxDeleteCommentOperation.m */; };
		75EFE3AF13CE110400DD8D0E /* BoxDeleteOperation.m in Sources */ = {isa = PBXBuildFile; fileRef = 75EFE35313CE110400DD8D0E /* BoxDeleteOperation.m */; };
		75EFE3B013CE110400DD8D0E /* BoxDownloadOperation.m in Sources */ = {isa = PBXBuildFile; fileRef = 75EFE35513CE110400DD8D0E /* BoxDownloadOperation.m */; };
		75EFE3B113CE110400DD8D0E /* BoxGetAuthTokenOperation.m in Sources */ = {isa = PBXBuildFile; fileRef = 75EFE35713CE110400DD8D0E /* BoxGetAuthTokenOperation.m */; };
		75EFE3B213CE110400DD8D0E /* BoxGetCommentsOperation.m in Sources */ = {isa = PBXBuildFile; fileRef = 75EFE35913CE110400DD8D0E /* BoxGetCommentsOperation.m */; };
		75EFE3B313CE110400DD8D0E /* BoxGetTicketOperation.m in Sources */ = {isa = PBXBuildFile; fileRef = 75EFE35B13CE110400DD8D0E /* BoxGetTicketOperation.m */; };
		75EFE3B413CE110400DD8D0E /* BoxGetUpdatesOperation.m in Sources */ = {isa = PBXBuildFile; fileRef = 75EFE35D13CE110400DD8D0E /* BoxGetUpdatesOperation.m */; };
		75EFE3B613CE110400DD8D0E /* BoxMoveOperation.m in Sources */ = {isa = PBXBuildFile; fileRef = 75EFE36113CE110400DD8D0E /* BoxMoveOperation.m */; };
		75EFE3B713CE110400DD8D0E /* BoxNetworkOperation.m in Sources */ = {isa = PBXBuildFile; fileRef = 75EFE36313CE110400DD8D0E /* BoxNetworkOperation.m */; };
		75EFE3B813CE110400DD8D0E /* BoxOperation.m in Sources */ = {isa = PBXBuildFile; fileRef = 75EFE36513CE110400DD8D0E /* BoxOperation.m */; };
		75EFE3B913CE110400DD8D0E /* BoxPrivateShareOperation.m in Sources */ = {isa = PBXBuildFile; fileRef = 75EFE36713CE110400DD8D0E /* BoxPrivateShareOperation.m */; };
		75EFE3BA13CE110400DD8D0E /* BoxPublicShareOperation.m in Sources */ = {isa = PBXBuildFile; fileRef = 75EFE36913CE110400DD8D0E /* BoxPublicShareOperation.m */; };
		75EFE3BB13CE110400DD8D0E /* BoxPublicUnshareOperation.m in Sources */ = {isa = PBXBuildFile; fileRef = 75EFE36B13CE110400DD8D0E /* BoxPublicUnshareOperation.m */; };
		75EFE3BC13CE110400DD8D0E /* BoxRegisterOperation.m in Sources */ = {isa = PBXBuildFile; fileRef = 75EFE36D13CE110400DD8D0E /* BoxRegisterOperation.m */; };
		75EFE3BD13CE110400DD8D0E /* BoxRenameOperation.m in Sources */ = {isa = PBXBuildFile; fileRef = 75EFE36F13CE110400DD8D0E /* BoxRenameOperation.m */; };
		75EFE3BE13CE110400DD8D0E /* BoxUploadOperation.m in Sources */ = {isa = PBXBuildFile; fileRef = 75EFE37113CE110400DD8D0E /* BoxUploadOperation.m */; };
		75EFE3BF13CE110400DD8D0E /* BoxModelUtilityFunctions.m in Sources */ = {isa = PBXBuildFile; fileRef = 75EFE37413CE110400DD8D0E /* BoxModelUtilityFunctions.m */; };
		75EFE3C013CE110400DD8D0E /* NSArray+BoxUtils.m in Sources */ = {isa = PBXBuildFile; fileRef = 75EFE37613CE110400DD8D0E /* NSArray+BoxUtils.m */; };
		75EFE3C113CE110400DD8D0E /* NSDictionaryXMLParser.m in Sources */ = {isa = PBXBuildFile; fileRef = 75EFE37813CE110400DD8D0E /* NSDictionaryXMLParser.m */; };
		75EFE3C213CE110400DD8D0E /* GTMRegex.m in Sources */ = {isa = PBXBuildFile; fileRef = 75EFE37C13CE110400DD8D0E /* GTMRegex.m */; };
		75EFE3C313CE110400DD8D0E /* BoxActionTableView.xib in Resources */ = {isa = PBXBuildFile; fileRef = 75EFE37E13CE110400DD8D0E /* BoxActionTableView.xib */; };
		75EFE3C413CE110400DD8D0E /* BoxActionTextInputController.xib in Resources */ = {isa = PBXBuildFile; fileRef = 75EFE37F13CE110400DD8D0E /* BoxActionTextInputController.xib */; };
		75EFE3C513CE110400DD8D0E /* BoxCommentTableViewController.xib in Resources */ = {isa = PBXBuildFile; fileRef = 75EFE38013CE110400DD8D0E /* BoxCommentTableViewController.xib */; };
		75EFE3C613CE110400DD8D0E /* BoxFlipViewController.xib in Resources */ = {isa = PBXBuildFile; fileRef = 75EFE38113CE110400DD8D0E /* BoxFlipViewController.xib */; };
		75EFE3C713CE110400DD8D0E /* BoxLoginTableView.xib in Resources */ = {isa = PBXBuildFile; fileRef = 75EFE38213CE110400DD8D0E /* BoxLoginTableView.xib */; };
		75EFE3C813CE110400DD8D0E /* BoxLoginView.xib in Resources */ = {isa = PBXBuildFile; fileRef = 75EFE38313CE110400DD8D0E /* BoxLoginView.xib */; };
		75EFE3C913CE110400DD8D0E /* BoxPopupController.xib in Resources */ = {isa = PBXBuildFile; fileRef = 75EFE38413CE110400DD8D0E /* BoxPopupController.xib */; };
		75EFE3CA13CE110400DD8D0E /* BoxPopupExampleView.xib in Resources */ = {isa = PBXBuildFile; fileRef = 75EFE38513CE110400DD8D0E /* BoxPopupExampleView.xib */; };
		75EFE3CB13CE110400DD8D0E /* BoxPopupMainView.xib in Resources */ = {isa = PBXBuildFile; fileRef = 75EFE38613CE110400DD8D0E /* BoxPopupMainView.xib */; };
		75EFE3CC13CE110400DD8D0E /* BoxRegisterView.xib in Resources */ = {isa = PBXBuildFile; fileRef = 75EFE38713CE110400DD8D0E /* BoxRegisterView.xib */; };
		75EFE3CD13CE110400DD8D0E /* BoxShareActionInputController.xib in Resources */ = {isa = PBXBuildFile; fileRef = 75EFE38813CE110400DD8D0E /* BoxShareActionInputController.xib */; };
		75EFE3CE13CE110400DD8D0E /* BoxSpinnerOverlayView.xib in Resources */ = {isa = PBXBuildFile; fileRef = 75EFE38913CE110400DD8D0E /* BoxSpinnerOverlayView.xib */; };
		75EFE3CF13CE110400DD8D0E /* MainWindow.xib in Resources */ = {isa = PBXBuildFile; fileRef = 75EFE38A13CE110400DD8D0E /* MainWindow.xib */; };
/* End PBXBuildFile section */

/* Begin PBXFileReference section */
		1D30AB110D05D00D00671497 /* Foundation.framework */ = {isa = PBXFileReference; lastKnownFileType = wrapper.framework; name = Foundation.framework; path = System/Library/Frameworks/Foundation.framework; sourceTree = SDKROOT; };
		1D6058910D05DD3D006BFB54 /* BoxAPITest.app */ = {isa = PBXFileReference; explicitFileType = wrapper.application; includeInIndex = 0; path = BoxAPITest.app; sourceTree = BUILT_PRODUCTS_DIR; };
		1DF5F4DF0D08C38300B7A737 /* UIKit.framework */ = {isa = PBXFileReference; lastKnownFileType = wrapper.framework; name = UIKit.framework; path = System/Library/Frameworks/UIKit.framework; sourceTree = SDKROOT; };
		288765FC0DF74451002DB57D /* CoreGraphics.framework */ = {isa = PBXFileReference; lastKnownFileType = wrapper.framework; name = CoreGraphics.framework; path = System/Library/Frameworks/CoreGraphics.framework; sourceTree = SDKROOT; };
		29B97316FDCFA39411CA2CEA /* main.m */ = {isa = PBXFileReference; fileEncoding = 4; lastKnownFileType = sourcecode.c.objc; path = main.m; sourceTree = "<group>"; };
		32CA4F630368D1EE00C91783 /* BoxPopup_Prefix.pch */ = {isa = PBXFileReference; fileEncoding = 4; lastKnownFileType = sourcecode.c.h; path = BoxPopup_Prefix.pch; sourceTree = "<group>"; };
		64716CF010617C08004A9B26 /* AddressBook.framework */ = {isa = PBXFileReference; lastKnownFileType = wrapper.framework; name = AddressBook.framework; path = System/Library/Frameworks/AddressBook.framework; sourceTree = SDKROOT; };
		64716CF210617C08004A9B26 /* AddressBookUI.framework */ = {isa = PBXFileReference; lastKnownFileType = wrapper.framework; name = AddressBookUI.framework; path = System/Library/Frameworks/AddressBookUI.framework; sourceTree = SDKROOT; };
		6497E522107B0247000AC9BC /* Entitlements.plist */ = {isa = PBXFileReference; fileEncoding = 4; lastKnownFileType = text.plist.xml; path = Entitlements.plist; sourceTree = "<group>"; };
		75EFE2DC13CE104800DD8D0E /* BoxBlueGradientBackground.gif */ = {isa = PBXFileReference; lastKnownFileType = image.gif; name = BoxBlueGradientBackground.gif; path = Resources/BoxBlueGradientBackground.gif; sourceTree = "<group>"; };
		75EFE2DD13CE104800DD8D0E /* BoxBoxLogo.gif */ = {isa = PBXFileReference; lastKnownFileType = image.gif; name = BoxBoxLogo.gif; path = Resources/BoxBoxLogo.gif; sourceTree = "<group>"; };
		75EFE2DE13CE104800DD8D0E /* BoxCollabFolder.png */ = {isa = PBXFileReference; lastKnownFileType = image.png; name = BoxCollabFolder.png; path = Resources/BoxCollabFolder.png; sourceTree = "<group>"; };
		75EFE2DF13CE104800DD8D0E /* BoxDocumentIcon.png */ = {isa = PBXFileReference; lastKnownFileType = image.png; name = BoxDocumentIcon.png; path = Resources/BoxDocumentIcon.png; sourceTree = "<group>"; };
		75EFE2E013CE104800DD8D0E /* BoxFileInfoField.png */ = {isa = PBXFileReference; lastKnownFileType = image.png; name = BoxFileInfoField.png; path = Resources/BoxFileInfoField.png; sourceTree = "<group>"; };
		75EFE2E113CE104800DD8D0E /* BoxFolderIcon-old.png */ = {isa = PBXFileReference; lastKnownFileType = image.png; name = "BoxFolderIcon-old.png"; path = "Resources/BoxFolderIcon-old.png"; sourceTree = "<group>"; };
		75EFE2E213CE104800DD8D0E /* BoxFolderIcon.png */ = {isa = PBXFileReference; lastKnownFileType = image.png; name = BoxFolderIcon.png; path = Resources/BoxFolderIcon.png; sourceTree = "<group>"; };
		75EFE2E313CE104800DD8D0E /* BoxFolderIconShared.gif */ = {isa = PBXFileReference; lastKnownFileType = image.gif; name = BoxFolderIconShared.gif; path = Resources/BoxFolderIconShared.gif; sourceTree = "<group>"; };
		75EFE2E413CE104800DD8D0E /* BoxLargeButtonImage.png */ = {isa = PBXFileReference; lastKnownFileType = image.png; name = BoxLargeButtonImage.png; path = Resources/BoxLargeButtonImage.png; sourceTree = "<group>"; };
		75EFE2E513CE104800DD8D0E /* BoxLoginFormField.gif */ = {isa = PBXFileReference; lastKnownFileType = image.gif; name = BoxLoginFormField.gif; path = Resources/BoxLoginFormField.gif; sourceTree = "<group>"; };
		75EFE2E613CE104800DD8D0E /* BoxLoginTableViewBackground.png */ = {isa = PBXFileReference; lastKnownFileType = image.png; name = BoxLoginTableViewBackground.png; path = Resources/BoxLoginTableViewBackground.png; sourceTree = "<group>"; };
		75EFE2E713CE104800DD8D0E /* BoxRegistrationFields-old.png */ = {isa = PBXFileReference; lastKnownFileType = image.png; name = "BoxRegistrationFields-old.png"; path = "Resources/BoxRegistrationFields-old.png"; sourceTree = "<group>"; };
		75EFE2E813CE104800DD8D0E /* BoxRegistrationFields.png */ = {isa = PBXFileReference; lastKnownFileType = image.png; name = BoxRegistrationFields.png; path = Resources/BoxRegistrationFields.png; sourceTree = "<group>"; };
		75EFE2E913CE104800DD8D0E /* BoxSectionBarBackground.png */ = {isa = PBXFileReference; lastKnownFileType = image.png; name = BoxSectionBarBackground.png; path = Resources/BoxSectionBarBackground.png; sourceTree = "<group>"; };
		75EFE2EA13CE104800DD8D0E /* BoxSmallButtonImage.png */ = {isa = PBXFileReference; lastKnownFileType = image.png; name = BoxSmallButtonImage.png; path = Resources/BoxSmallButtonImage.png; sourceTree = "<group>"; };
		75EFE2EB13CE104800DD8D0E /* BoxTopBarLogo.png */ = {isa = PBXFileReference; lastKnownFileType = image.png; name = BoxTopBarLogo.png; path = Resources/BoxTopBarLogo.png; sourceTree = "<group>"; };
		75EFE2EC13CE104800DD8D0E /* BoxUserIcon.png */ = {isa = PBXFileReference; lastKnownFileType = image.png; name = BoxUserIcon.png; path = Resources/BoxUserIcon.png; sourceTree = "<group>"; };
		75EFE2ED13CE104800DD8D0E /* Simple Text Format.rtf */ = {isa = PBXFileReference; fileEncoding = 4; lastKnownFileType = text.rtf; name = "Simple Text Format.rtf"; path = "Resources/Simple Text Format.rtf"; sourceTree = "<group>"; };
		75EFE2EE13CE104800DD8D0E /* Simple Word Doc.docx */ = {isa = PBXFileReference; lastKnownFileType = file; name = "Simple Word Doc.docx"; path = "Resources/Simple Word Doc.docx"; sourceTree = "<group>"; };
		75EFE30313CE110400DD8D0E /* BoxPopupAppDelegate.h */ = {isa = PBXFileReference; fileEncoding = 4; lastKnownFileType = sourcecode.c.h; path = BoxPopupAppDelegate.h; sourceTree = "<group>"; };
		75EFE30413CE110400DD8D0E /* BoxPopupAppDelegate.m */ = {isa = PBXFileReference; fileEncoding = 4; lastKnownFileType = sourcecode.c.objc; path = BoxPopupAppDelegate.m; sourceTree = "<group>"; };
		75EFE30513CE110400DD8D0E /* BoxPopupConstants.h */ = {isa = PBXFileReference; fileEncoding = 4; lastKnownFileType = sourcecode.c.h; path = BoxPopupConstants.h; sourceTree = "<group>"; };
		75EFE30613CE110400DD8D0E /* BoxPopupDelegate.h */ = {isa = PBXFileReference; fileEncoding = 4; lastKnownFileType = sourcecode.c.h; path = BoxPopupDelegate.h; sourceTree = "<group>"; };
		75EFE30813CE110400DD8D0E /* BoxActionTableViewController.h */ = {isa = PBXFileReference; fileEncoding = 4; lastKnownFileType = sourcecode.c.h; path = BoxActionTableViewController.h; sourceTree = "<group>"; };
		75EFE30913CE110400DD8D0E /* BoxActionTableViewController.m */ = {isa = PBXFileReference; fileEncoding = 4; lastKnownFileType = sourcecode.c.objc; path = BoxActionTableViewController.m; sourceTree = "<group>"; };
		75EFE30A13CE110400DD8D0E /* BoxActionTextInputController.h */ = {isa = PBXFileReference; fileEncoding = 4; lastKnownFileType = sourcecode.c.h; path = BoxActionTextInputController.h; sourceTree = "<group>"; };
		75EFE30B13CE110400DD8D0E /* BoxActionTextInputController.m */ = {isa = PBXFileReference; fileEncoding = 4; lastKnownFileType = sourcecode.c.objc; path = BoxActionTextInputController.m; sourceTree = "<group>"; };
		75EFE30C13CE110400DD8D0E /* BoxCommentTableViewController.h */ = {isa = PBXFileReference; fileEncoding = 4; lastKnownFileType = sourcecode.c.h; path = BoxCommentTableViewController.h; sourceTree = "<group>"; };
		75EFE30D13CE110400DD8D0E /* BoxCommentTableViewController.m */ = {isa = PBXFileReference; fileEncoding = 4; lastKnownFileType = sourcecode.c.objc; path = BoxCommentTableViewController.m; sourceTree = "<group>"; };
		75EFE30E13CE110400DD8D0E /* BoxCommonUISetup.h */ = {isa = PBXFileReference; fileEncoding = 4; lastKnownFileType = sourcecode.c.h; path = BoxCommonUISetup.h; sourceTree = "<group>"; };
		75EFE30F13CE110400DD8D0E /* BoxCommonUISetup.m */ = {isa = PBXFileReference; fileEncoding = 4; lastKnownFileType = sourcecode.c.objc; path = BoxCommonUISetup.m; sourceTree = "<group>"; };
		75EFE31013CE110400DD8D0E /* BoxFlipViewController.h */ = {isa = PBXFileReference; fileEncoding = 4; lastKnownFileType = sourcecode.c.h; path = BoxFlipViewController.h; sourceTree = "<group>"; };
		75EFE31113CE110400DD8D0E /* BoxFlipViewController.m */ = {isa = PBXFileReference; fileEncoding = 4; lastKnownFileType = sourcecode.c.objc; path = BoxFlipViewController.m; sourceTree = "<group>"; };
		75EFE31213CE110400DD8D0E /* BoxFolderChooserTableViewController.h */ = {isa = PBXFileReference; fileEncoding = 4; lastKnownFileType = sourcecode.c.h; path = BoxFolderChooserTableViewController.h; sourceTree = "<group>"; };
		75EFE31313CE110400DD8D0E /* BoxFolderChooserTableViewController.m */ = {isa = PBXFileReference; fileEncoding = 4; lastKnownFileType = sourcecode.c.objc; path = BoxFolderChooserTableViewController.m; sourceTree = "<group>"; };
		75EFE31413CE110400DD8D0E /* BoxLoginBuilder.h */ = {isa = PBXFileReference; fileEncoding = 4; lastKnownFileType = sourcecode.c.h; path = BoxLoginBuilder.h; sourceTree = "<group>"; };
		75EFE31513CE110400DD8D0E /* BoxLoginBuilder.m */ = {isa = PBXFileReference; fileEncoding = 4; lastKnownFileType = sourcecode.c.objc; path = BoxLoginBuilder.m; sourceTree = "<group>"; };
		75EFE31613CE110400DD8D0E /* BoxLoginController.h */ = {isa = PBXFileReference; fileEncoding = 4; lastKnownFileType = sourcecode.c.h; path = BoxLoginController.h; sourceTree = "<group>"; };
		75EFE31713CE110400DD8D0E /* BoxLoginController.m */ = {isa = PBXFileReference; fileEncoding = 4; lastKnownFileType = sourcecode.c.objc; path = BoxLoginController.m; sourceTree = "<group>"; };
		75EFE31813CE110400DD8D0E /* BoxLoginTableViewController.h */ = {isa = PBXFileReference; fileEncoding = 4; lastKnownFileType = sourcecode.c.h; path = BoxLoginTableViewController.h; sourceTree = "<group>"; };
		75EFE31913CE110400DD8D0E /* BoxLoginTableViewController.m */ = {isa = PBXFileReference; fileEncoding = 4; lastKnownFileType = sourcecode.c.objc; path = BoxLoginTableViewController.m; sourceTree = "<group>"; };
		75EFE31A13CE110400DD8D0E /* BoxPopupController.h */ = {isa = PBXFileReference; fileEncoding = 4; lastKnownFileType = sourcecode.c.h; path = BoxPopupController.h; sourceTree = "<group>"; };
		75EFE31B13CE110400DD8D0E /* BoxPopupController.m */ = {isa = PBXFileReference; fileEncoding = 4; lastKnownFileType = sourcecode.c.objc; path = BoxPopupController.m; sourceTree = "<group>"; };
		75EFE31C13CE110400DD8D0E /* BoxPopupExampleController.h */ = {isa = PBXFileReference; fileEncoding = 4; lastKnownFileType = sourcecode.c.h; path = BoxPopupExampleController.h; sourceTree = "<group>"; };
		75EFE31D13CE110400DD8D0E /* BoxPopupExampleController.m */ = {isa = PBXFileReference; fileEncoding = 4; lastKnownFileType = sourcecode.c.objc; path = BoxPopupExampleController.m; sourceTree = "<group>"; };
		75EFE31E13CE110400DD8D0E /* BoxPopupMainViewController.h */ = {isa = PBXFileReference; fileEncoding = 4; lastKnownFileType = sourcecode.c.h; path = BoxPopupMainViewController.h; sourceTree = "<group>"; };
		75EFE31F13CE110400DD8D0E /* BoxPopupMainViewController.m */ = {isa = PBXFileReference; fileEncoding = 4; lastKnownFileType = sourcecode.c.objc; path = BoxPopupMainViewController.m; sourceTree = "<group>"; };
		75EFE32013CE110400DD8D0E /* BoxRegisterViewController.h */ = {isa = PBXFileReference; fileEncoding = 4; lastKnownFileType = sourcecode.c.h; path = BoxRegisterViewController.h; sourceTree = "<group>"; };
		75EFE32113CE110400DD8D0E /* BoxRegisterViewController.m */ = {isa = PBXFileReference; fileEncoding = 4; lastKnownFileType = sourcecode.c.objc; path = BoxRegisterViewController.m; sourceTree = "<group>"; };
		75EFE32213CE110400DD8D0E /* BoxShareActionInputController.h */ = {isa = PBXFileReference; fileEncoding = 4; lastKnownFileType = sourcecode.c.h; path = BoxShareActionInputController.h; sourceTree = "<group>"; };
		75EFE32313CE110400DD8D0E /* BoxShareActionInputController.m */ = {isa = PBXFileReference; fileEncoding = 4; lastKnownFileType = sourcecode.c.objc; path = BoxShareActionInputController.m; sourceTree = "<group>"; };
		75EFE32413CE110400DD8D0E /* BoxSpinnerOverlayViewController.h */ = {isa = PBXFileReference; fileEncoding = 4; lastKnownFileType = sourcecode.c.h; path = BoxSpinnerOverlayViewController.h; sourceTree = "<group>"; };
		75EFE32513CE110400DD8D0E /* BoxSpinnerOverlayViewController.m */ = {isa = PBXFileReference; fileEncoding = 4; lastKnownFileType = sourcecode.c.objc; path = BoxSpinnerOverlayViewController.m; sourceTree = "<group>"; };
		75EFE32713CE110400DD8D0E /* BoxFile.h */ = {isa = PBXFileReference; fileEncoding = 4; lastKnownFileType = sourcecode.c.h; path = BoxFile.h; sourceTree = "<group>"; };
		75EFE32813CE110400DD8D0E /* BoxFile.m */ = {isa = PBXFileReference; fileEncoding = 4; lastKnownFileType = sourcecode.c.objc; path = BoxFile.m; sourceTree = "<group>"; };
		75EFE32913CE110400DD8D0E /* BoxFolder+SaveableFolder.h */ = {isa = PBXFileReference; fileEncoding = 4; lastKnownFileType = sourcecode.c.h; lineEnding = 0; path = "BoxFolder+SaveableFolder.h"; sourceTree = "<group>"; xcLanguageSpecificationIdentifier = xcode.lang.objcpp; };
		75EFE32A13CE110400DD8D0E /* BoxFolder+SaveableFolder.m */ = {isa = PBXFileReference; fileEncoding = 4; lastKnownFileType = sourcecode.c.objc; lineEnding = 0; path = "BoxFolder+SaveableFolder.m"; sourceTree = "<group>"; xcLanguageSpecificationIdentifier = xcode.lang.objc; };
		75EFE32B13CE110400DD8D0E /* BoxFolder.h */ = {isa = PBXFileReference; fileEncoding = 4; lastKnownFileType = sourcecode.c.h; lineEnding = 0; path = BoxFolder.h; sourceTree = "<group>"; xcLanguageSpecificationIdentifier = xcode.lang.objcpp; };
		75EFE32C13CE110400DD8D0E /* BoxFolder.m */ = {isa = PBXFileReference; fileEncoding = 4; lastKnownFileType = sourcecode.c.objc; path = BoxFolder.m; sourceTree = "<group>"; };
		75EFE32D13CE110400DD8D0E /* BoxComment.h */ = {isa = PBXFileReference; fileEncoding = 4; lastKnownFileType = sourcecode.c.h; path = BoxComment.h; sourceTree = "<group>"; };
		75EFE32E13CE110400DD8D0E /* BoxComment.m */ = {isa = PBXFileReference; fileEncoding = 4; lastKnownFileType = sourcecode.c.objc; path = BoxComment.m; sourceTree = "<group>"; };
		75EFE32F13CE110400DD8D0E /* BoxObject.h */ = {isa = PBXFileReference; fileEncoding = 4; lastKnownFileType = sourcecode.c.h; path = BoxObject.h; sourceTree = "<group>"; };
		75EFE33013CE110400DD8D0E /* BoxObject.m */ = {isa = PBXFileReference; fileEncoding = 4; lastKnownFileType = sourcecode.c.objc; path = BoxObject.m; sourceTree = "<group>"; };
		75EFE33413CE110400DD8D0E /* BoxRESTApiFactory.h */ = {isa = PBXFileReference; fileEncoding = 4; lastKnownFileType = sourcecode.c.h; path = BoxRESTApiFactory.h; sourceTree = "<group>"; };
		75EFE33513CE110400DD8D0E /* BoxRESTApiFactory.m */ = {isa = PBXFileReference; fileEncoding = 4; lastKnownFileType = sourcecode.c.objc; path = BoxRESTApiFactory.m; sourceTree = "<group>"; };
		75EFE33613CE110400DD8D0E /* BoxUpdate.h */ = {isa = PBXFileReference; fileEncoding = 4; lastKnownFileType = sourcecode.c.h; path = BoxUpdate.h; sourceTree = "<group>"; };
		75EFE33713CE110400DD8D0E /* BoxUpdate.m */ = {isa = PBXFileReference; fileEncoding = 4; lastKnownFileType = sourcecode.c.objc; path = BoxUpdate.m; sourceTree = "<group>"; };
		75EFE33813CE110400DD8D0E /* BoxUser.h */ = {isa = PBXFileReference; fileEncoding = 4; lastKnownFileType = sourcecode.c.h; path = BoxUser.h; sourceTree = "<group>"; };
		75EFE33913CE110400DD8D0E /* BoxUser.m */ = {isa = PBXFileReference; fileEncoding = 4; lastKnownFileType = sourcecode.c.objc; path = BoxUser.m; sourceTree = "<group>"; };
		75EFE33B13CE110400DD8D0E /* BoxCommentsListModelXMLBuilder.h */ = {isa = PBXFileReference; fileEncoding = 4; lastKnownFileType = sourcecode.c.h; path = BoxCommentsListModelXMLBuilder.h; sourceTree = "<group>"; };
		75EFE33C13CE110400DD8D0E /* BoxCommentsListModelXMLBuilder.m */ = {isa = PBXFileReference; fileEncoding = 4; lastKnownFileType = sourcecode.c.objc; path = BoxCommentsListModelXMLBuilder.m; sourceTree = "<group>"; };
		75EFE33D13CE110400DD8D0E /* BoxFolderXMLBuilder.h */ = {isa = PBXFileReference; fileEncoding = 4; lastKnownFileType = sourcecode.c.h; lineEnding = 0; path = BoxFolderXMLBuilder.h; sourceTree = "<group>"; xcLanguageSpecificationIdentifier = xcode.lang.objcpp; };
		75EFE33E13CE110400DD8D0E /* BoxFolderXMLBuilder.m */ = {isa = PBXFileReference; fileEncoding = 4; lastKnownFileType = sourcecode.c.objc; lineEnding = 0; path = BoxFolderXMLBuilder.m; sourceTree = "<group>"; xcLanguageSpecificationIdentifier = xcode.lang.objc; };
		75EFE33F13CE110400DD8D0E /* BoxHTTPRequestBuilders.h */ = {isa = PBXFileReference; fileEncoding = 4; lastKnownFileType = sourcecode.c.h; path = BoxHTTPRequestBuilders.h; sourceTree = "<group>"; };
		75EFE34013CE110400DD8D0E /* BoxHTTPRequestBuilders.m */ = {isa = PBXFileReference; fileEncoding = 4; lastKnownFileType = sourcecode.c.objc; path = BoxHTTPRequestBuilders.m; sourceTree = "<group>"; };
		75EFE34513CE110400DD8D0E /* BoxUpdatesListModelXMLBuilder.h */ = {isa = PBXFileReference; fileEncoding = 4; lastKnownFileType = sourcecode.c.h; path = BoxUpdatesListModelXMLBuilder.h; sourceTree = "<group>"; };
		75EFE34613CE110400DD8D0E /* BoxUpdatesListModelXMLBuilder.m */ = {isa = PBXFileReference; fileEncoding = 4; lastKnownFileType = sourcecode.c.objc; path = BoxUpdatesListModelXMLBuilder.m; sourceTree = "<group>"; };
		75EFE34813CE110400DD8D0E /* BoxAddCommentsOperation.h */ = {isa = PBXFileReference; fileEncoding = 4; lastKnownFileType = sourcecode.c.h; path = BoxAddCommentsOperation.h; sourceTree = "<group>"; };
		75EFE34913CE110400DD8D0E /* BoxAddCommentsOperation.m */ = {isa = PBXFileReference; fileEncoding = 4; lastKnownFileType = sourcecode.c.objc; path = BoxAddCommentsOperation.m; sourceTree = "<group>"; };
		75EFE34A13CE110400DD8D0E /* BoxAPIOperation.h */ = {isa = PBXFileReference; fileEncoding = 4; lastKnownFileType = sourcecode.c.h; path = BoxAPIOperation.h; sourceTree = "<group>"; };
		75EFE34B13CE110400DD8D0E /* BoxAPIOperation.m */ = {isa = PBXFileReference; fileEncoding = 4; lastKnownFileType = sourcecode.c.objc; path = BoxAPIOperation.m; sourceTree = "<group>"; };
		75EFE34C13CE110400DD8D0E /* BoxCopyOperation.h */ = {isa = PBXFileReference; fileEncoding = 4; lastKnownFileType = sourcecode.c.h; path = BoxCopyOperation.h; sourceTree = "<group>"; };
		75EFE34D13CE110400DD8D0E /* BoxCopyOperation.m */ = {isa = PBXFileReference; fileEncoding = 4; lastKnownFileType = sourcecode.c.objc; path = BoxCopyOperation.m; sourceTree = "<group>"; };
		75EFE34E13CE110400DD8D0E /* BoxCreateFolderOperation.h */ = {isa = PBXFileReference; fileEncoding = 4; lastKnownFileType = sourcecode.c.h; path = BoxCreateFolderOperation.h; sourceTree = "<group>"; };
		75EFE34F13CE110400DD8D0E /* BoxCreateFolderOperation.m */ = {isa = PBXFileReference; fileEncoding = 4; lastKnownFileType = sourcecode.c.objc; path = BoxCreateFolderOperation.m; sourceTree = "<group>"; };
		75EFE35013CE110400DD8D0E /* BoxDeleteCommentOperation.h */ = {isa = PBXFileReference; fileEncoding = 4; lastKnownFileType = sourcecode.c.h; path = BoxDeleteCommentOperation.h; sourceTree = "<group>"; };
		75EFE35113CE110400DD8D0E /* BoxDeleteCommentOperation.m */ = {isa = PBXFileReference; fileEncoding = 4; lastKnownFileType = sourcecode.c.objc; path = BoxDeleteCommentOperation.m; sourceTree = "<group>"; };
		75EFE35213CE110400DD8D0E /* BoxDeleteOperation.h */ = {isa = PBXFileReference; fileEncoding = 4; lastKnownFileType = sourcecode.c.h; path = BoxDeleteOperation.h; sourceTree = "<group>"; };
		75EFE35313CE110400DD8D0E /* BoxDeleteOperation.m */ = {isa = PBXFileReference; fileEncoding = 4; lastKnownFileType = sourcecode.c.objc; path = BoxDeleteOperation.m; sourceTree = "<group>"; };
		75EFE35413CE110400DD8D0E /* BoxDownloadOperation.h */ = {isa = PBXFileReference; fileEncoding = 4; lastKnownFileType = sourcecode.c.h; path = BoxDownloadOperation.h; sourceTree = "<group>"; };
		75EFE35513CE110400DD8D0E /* BoxDownloadOperation.m */ = {isa = PBXFileReference; fileEncoding = 4; lastKnownFileType = sourcecode.c.objc; path = BoxDownloadOperation.m; sourceTree = "<group>"; };
		75EFE35613CE110400DD8D0E /* BoxGetAuthTokenOperation.h */ = {isa = PBXFileReference; fileEncoding = 4; lastKnownFileType = sourcecode.c.h; path = BoxGetAuthTokenOperation.h; sourceTree = "<group>"; };
		75EFE35713CE110400DD8D0E /* BoxGetAuthTokenOperation.m */ = {isa = PBXFileReference; fileEncoding = 4; lastKnownFileType = sourcecode.c.objc; path = BoxGetAuthTokenOperation.m; sourceTree = "<group>"; };
		75EFE35813CE110400DD8D0E /* BoxGetCommentsOperation.h */ = {isa = PBXFileReference; fileEncoding = 4; lastKnownFileType = sourcecode.c.h; path = BoxGetCommentsOperation.h; sourceTree = "<group>"; };
		75EFE35913CE110400DD8D0E /* BoxGetCommentsOperation.m */ = {isa = PBXFileReference; fileEncoding = 4; lastKnownFileType = sourcecode.c.objc; path = BoxGetCommentsOperation.m; sourceTree = "<group>"; };
		75EFE35A13CE110400DD8D0E /* BoxGetTicketOperation.h */ = {isa = PBXFileReference; fileEncoding = 4; lastKnownFileType = sourcecode.c.h; path = BoxGetTicketOperation.h; sourceTree = "<group>"; };
		75EFE35B13CE110400DD8D0E /* BoxGetTicketOperation.m */ = {isa = PBXFileReference; fileEncoding = 4; lastKnownFileType = sourcecode.c.objc; path = BoxGetTicketOperation.m; sourceTree = "<group>"; };
		75EFE35C13CE110400DD8D0E /* BoxGetUpdatesOperation.h */ = {isa = PBXFileReference; fileEncoding = 4; lastKnownFileType = sourcecode.c.h; path = BoxGetUpdatesOperation.h; sourceTree = "<group>"; };
		75EFE35D13CE110400DD8D0E /* BoxGetUpdatesOperation.m */ = {isa = PBXFileReference; fileEncoding = 4; lastKnownFileType = sourcecode.c.objc; path = BoxGetUpdatesOperation.m; sourceTree = "<group>"; };
		75EFE36013CE110400DD8D0E /* BoxMoveOperation.h */ = {isa = PBXFileReference; fileEncoding = 4; lastKnownFileType = sourcecode.c.h; path = BoxMoveOperation.h; sourceTree = "<group>"; };
		75EFE36113CE110400DD8D0E /* BoxMoveOperation.m */ = {isa = PBXFileReference; fileEncoding = 4; lastKnownFileType = sourcecode.c.objc; path = BoxMoveOperation.m; sourceTree = "<group>"; };
		75EFE36213CE110400DD8D0E /* BoxNetworkOperation.h */ = {isa = PBXFileReference; fileEncoding = 4; lastKnownFileType = sourcecode.c.h; path = BoxNetworkOperation.h; sourceTree = "<group>"; };
		75EFE36313CE110400DD8D0E /* BoxNetworkOperation.m */ = {isa = PBXFileReference; fileEncoding = 4; lastKnownFileType = sourcecode.c.objc; path = BoxNetworkOperation.m; sourceTree = "<group>"; };
		75EFE36413CE110400DD8D0E /* BoxOperation.h */ = {isa = PBXFileReference; fileEncoding = 4; lastKnownFileType = sourcecode.c.h; path = BoxOperation.h; sourceTree = "<group>"; };
		75EFE36513CE110400DD8D0E /* BoxOperation.m */ = {isa = PBXFileReference; fileEncoding = 4; lastKnownFileType = sourcecode.c.objc; path = BoxOperation.m; sourceTree = "<group>"; };
		75EFE36613CE110400DD8D0E /* BoxPrivateShareOperation.h */ = {isa = PBXFileReference; fileEncoding = 4; lastKnownFileType = sourcecode.c.h; path = BoxPrivateShareOperation.h; sourceTree = "<group>"; };
		75EFE36713CE110400DD8D0E /* BoxPrivateShareOperation.m */ = {isa = PBXFileReference; fileEncoding = 4; lastKnownFileType = sourcecode.c.objc; path = BoxPrivateShareOperation.m; sourceTree = "<group>"; };
		75EFE36813CE110400DD8D0E /* BoxPublicShareOperation.h */ = {isa = PBXFileReference; fileEncoding = 4; lastKnownFileType = sourcecode.c.h; path = BoxPublicShareOperation.h; sourceTree = "<group>"; };
		75EFE36913CE110400DD8D0E /* BoxPublicShareOperation.m */ = {isa = PBXFileReference; fileEncoding = 4; lastKnownFileType = sourcecode.c.objc; path = BoxPublicShareOperation.m; sourceTree = "<group>"; };
		75EFE36A13CE110400DD8D0E /* BoxPublicUnshareOperation.h */ = {isa = PBXFileReference; fileEncoding = 4; lastKnownFileType = sourcecode.c.h; path = BoxPublicUnshareOperation.h; sourceTree = "<group>"; };
		75EFE36B13CE110400DD8D0E /* BoxPublicUnshareOperation.m */ = {isa = PBXFileReference; fileEncoding = 4; lastKnownFileType = sourcecode.c.objc; path = BoxPublicUnshareOperation.m; sourceTree = "<group>"; };
		75EFE36C13CE110400DD8D0E /* BoxRegisterOperation.h */ = {isa = PBXFileReference; fileEncoding = 4; lastKnownFileType = sourcecode.c.h; path = BoxRegisterOperation.h; sourceTree = "<group>"; };
		75EFE36D13CE110400DD8D0E /* BoxRegisterOperation.m */ = {isa = PBXFileReference; fileEncoding = 4; lastKnownFileType = sourcecode.c.objc; path = BoxRegisterOperation.m; sourceTree = "<group>"; };
		75EFE36E13CE110400DD8D0E /* BoxRenameOperation.h */ = {isa = PBXFileReference; fileEncoding = 4; lastKnownFileType = sourcecode.c.h; path = BoxRenameOperation.h; sourceTree = "<group>"; };
		75EFE36F13CE110400DD8D0E /* BoxRenameOperation.m */ = {isa = PBXFileReference; fileEncoding = 4; lastKnownFileType = sourcecode.c.objc; path = BoxRenameOperation.m; sourceTree = "<group>"; };
		75EFE37013CE110400DD8D0E /* BoxUploadOperation.h */ = {isa = PBXFileReference; fileEncoding = 4; lastKnownFileType = sourcecode.c.h; path = BoxUploadOperation.h; sourceTree = "<group>"; };
		75EFE37113CE110400DD8D0E /* BoxUploadOperation.m */ = {isa = PBXFileReference; fileEncoding = 4; lastKnownFileType = sourcecode.c.objc; path = BoxUploadOperation.m; sourceTree = "<group>"; };
		75EFE37313CE110400DD8D0E /* BoxModelUtilityFunctions.h */ = {isa = PBXFileReference; fileEncoding = 4; lastKnownFileType = sourcecode.c.h; path = BoxModelUtilityFunctions.h; sourceTree = "<group>"; };
		75EFE37413CE110400DD8D0E /* BoxModelUtilityFunctions.m */ = {isa = PBXFileReference; fileEncoding = 4; lastKnownFileType = sourcecode.c.objc; path = BoxModelUtilityFunctions.m; sourceTree = "<group>"; };
		75EFE37513CE110400DD8D0E /* NSArray+BoxUtils.h */ = {isa = PBXFileReference; fileEncoding = 4; lastKnownFileType = sourcecode.c.h; path = "NSArray+BoxUtils.h"; sourceTree = "<group>"; };
		75EFE37613CE110400DD8D0E /* NSArray+BoxUtils.m */ = {isa = PBXFileReference; fileEncoding = 4; lastKnownFileType = sourcecode.c.objc; path = "NSArray+BoxUtils.m"; sourceTree = "<group>"; };
		75EFE37713CE110400DD8D0E /* NSDictionaryXMLParser.h */ = {isa = PBXFileReference; fileEncoding = 4; lastKnownFileType = sourcecode.c.h; path = NSDictionaryXMLParser.h; sourceTree = "<group>"; };
		75EFE37813CE110400DD8D0E /* NSDictionaryXMLParser.m */ = {isa = PBXFileReference; fileEncoding = 4; lastKnownFileType = sourcecode.c.objc; path = NSDictionaryXMLParser.m; sourceTree = "<group>"; };
		75EFE37A13CE110400DD8D0E /* GTMDefines.h */ = {isa = PBXFileReference; fileEncoding = 4; lastKnownFileType = sourcecode.c.h; path = GTMDefines.h; sourceTree = "<group>"; };
		75EFE37B13CE110400DD8D0E /* GTMRegex.h */ = {isa = PBXFileReference; fileEncoding = 4; lastKnownFileType = sourcecode.c.h; path = GTMRegex.h; sourceTree = "<group>"; };
		75EFE37C13CE110400DD8D0E /* GTMRegex.m */ = {isa = PBXFileReference; fileEncoding = 4; lastKnownFileType = sourcecode.c.objc; path = GTMRegex.m; sourceTree = "<group>"; };
		75EFE37E13CE110400DD8D0E /* BoxActionTableView.xib */ = {isa = PBXFileReference; fileEncoding = 4; lastKnownFileType = file.xib; path = BoxActionTableView.xib; sourceTree = "<group>"; };
		75EFE37F13CE110400DD8D0E /* BoxActionTextInputController.xib */ = {isa = PBXFileReference; fileEncoding = 4; lastKnownFileType = file.xib; path = BoxActionTextInputController.xib; sourceTree = "<group>"; };
		75EFE38013CE110400DD8D0E /* BoxCommentTableViewController.xib */ = {isa = PBXFileReference; fileEncoding = 4; lastKnownFileType = file.xib; path = BoxCommentTableViewController.xib; sourceTree = "<group>"; };
		75EFE38113CE110400DD8D0E /* BoxFlipViewController.xib */ = {isa = PBXFileReference; fileEncoding = 4; lastKnownFileType = file.xib; path = BoxFlipViewController.xib; sourceTree = "<group>"; };
		75EFE38213CE110400DD8D0E /* BoxLoginTableView.xib */ = {isa = PBXFileReference; fileEncoding = 4; lastKnownFileType = file.xib; path = BoxLoginTableView.xib; sourceTree = "<group>"; };
		75EFE38313CE110400DD8D0E /* BoxLoginView.xib */ = {isa = PBXFileReference; fileEncoding = 4; lastKnownFileType = file.xib; path = BoxLoginView.xib; sourceTree = "<group>"; };
		75EFE38413CE110400DD8D0E /* BoxPopupController.xib */ = {isa = PBXFileReference; fileEncoding = 4; lastKnownFileType = file.xib; path = BoxPopupController.xib; sourceTree = "<group>"; };
		75EFE38513CE110400DD8D0E /* BoxPopupExampleView.xib */ = {isa = PBXFileReference; fileEncoding = 4; lastKnownFileType = file.xib; path = BoxPopupExampleView.xib; sourceTree = "<group>"; };
		75EFE38613CE110400DD8D0E /* BoxPopupMainView.xib */ = {isa = PBXFileReference; fileEncoding = 4; lastKnownFileType = file.xib; path = BoxPopupMainView.xib; sourceTree = "<group>"; };
		75EFE38713CE110400DD8D0E /* BoxRegisterView.xib */ = {isa = PBXFileReference; fileEncoding = 4; lastKnownFileType = file.xib; path = BoxRegisterView.xib; sourceTree = "<group>"; };
		75EFE38813CE110400DD8D0E /* BoxShareActionInputController.xib */ = {isa = PBXFileReference; fileEncoding = 4; lastKnownFileType = file.xib; path = BoxShareActionInputController.xib; sourceTree = "<group>"; };
		75EFE38913CE110400DD8D0E /* BoxSpinnerOverlayView.xib */ = {isa = PBXFileReference; fileEncoding = 4; lastKnownFileType = file.xib; path = BoxSpinnerOverlayView.xib; sourceTree = "<group>"; };
		75EFE38A13CE110400DD8D0E /* MainWindow.xib */ = {isa = PBXFileReference; fileEncoding = 4; lastKnownFileType = file.xib; path = MainWindow.xib; sourceTree = "<group>"; };
		8D1107310486CEB800E47090 /* BoxPopup-Info.plist */ = {isa = PBXFileReference; fileEncoding = 4; lastKnownFileType = text.plist.xml; path = "BoxPopup-Info.plist"; plistStructureDefinitionIdentifier = "com.apple.xcode.plist.structure-definition.iphone.info-plist"; sourceTree = "<group>"; };
/* End PBXFileReference section */

/* Begin PBXFrameworksBuildPhase section */
		1D60588F0D05DD3D006BFB54 /* Frameworks */ = {
			isa = PBXFrameworksBuildPhase;
			buildActionMask = 2147483647;
			files = (
				1D60589F0D05DD5A006BFB54 /* Foundation.framework in Frameworks */,
				1DF5F4E00D08C38300B7A737 /* UIKit.framework in Frameworks */,
				288765FD0DF74451002DB57D /* CoreGraphics.framework in Frameworks */,
				64716CF910617C26004A9B26 /* AddressBook.framework in Frameworks */,
				64716CFA10617C26004A9B26 /* AddressBookUI.framework in Frameworks */,
			);
			runOnlyForDeploymentPostprocessing = 0;
		};
/* End PBXFrameworksBuildPhase section */

/* Begin PBXGroup section */
		19C28FACFE9D520D11CA2CBB /* Products */ = {
			isa = PBXGroup;
			children = (
				1D6058910D05DD3D006BFB54 /* BoxAPITest.app */,
			);
			name = Products;
			sourceTree = "<group>";
		};
		29B97314FDCFA39411CA2CEA /* CustomTemplate */ = {
			isa = PBXGroup;
			children = (
				75EFE30213CE110400DD8D0E /* Classes */,
				6497E522107B0247000AC9BC /* Entitlements.plist */,
				29B97315FDCFA39411CA2CEA /* Other Sources */,
				29B97317FDCFA39411CA2CEA /* Resources */,
				29B97323FDCFA39411CA2CEA /* Frameworks */,
				19C28FACFE9D520D11CA2CBB /* Products */,
			);
			name = CustomTemplate;
			sourceTree = "<group>";
		};
		29B97315FDCFA39411CA2CEA /* Other Sources */ = {
			isa = PBXGroup;
			children = (
				32CA4F630368D1EE00C91783 /* BoxPopup_Prefix.pch */,
				29B97316FDCFA39411CA2CEA /* main.m */,
			);
			name = "Other Sources";
			sourceTree = "<group>";
		};
		29B97317FDCFA39411CA2CEA /* Resources */ = {
			isa = PBXGroup;
			children = (
				75EFE2DC13CE104800DD8D0E /* BoxBlueGradientBackground.gif */,
				75EFE2DD13CE104800DD8D0E /* BoxBoxLogo.gif */,
				75EFE2DE13CE104800DD8D0E /* BoxCollabFolder.png */,
				75EFE2DF13CE104800DD8D0E /* BoxDocumentIcon.png */,
				75EFE2E013CE104800DD8D0E /* BoxFileInfoField.png */,
				75EFE2E113CE104800DD8D0E /* BoxFolderIcon-old.png */,
				75EFE2E213CE104800DD8D0E /* BoxFolderIcon.png */,
				75EFE2E313CE104800DD8D0E /* BoxFolderIconShared.gif */,
				75EFE2E413CE104800DD8D0E /* BoxLargeButtonImage.png */,
				75EFE2E513CE104800DD8D0E /* BoxLoginFormField.gif */,
				75EFE2E613CE104800DD8D0E /* BoxLoginTableViewBackground.png */,
				75EFE2E713CE104800DD8D0E /* BoxRegistrationFields-old.png */,
				75EFE2E813CE104800DD8D0E /* BoxRegistrationFields.png */,
				75EFE2E913CE104800DD8D0E /* BoxSectionBarBackground.png */,
				75EFE2EA13CE104800DD8D0E /* BoxSmallButtonImage.png */,
				75EFE2EB13CE104800DD8D0E /* BoxTopBarLogo.png */,
				75EFE2EC13CE104800DD8D0E /* BoxUserIcon.png */,
				75EFE2ED13CE104800DD8D0E /* Simple Text Format.rtf */,
				75EFE2EE13CE104800DD8D0E /* Simple Word Doc.docx */,
				8D1107310486CEB800E47090 /* BoxPopup-Info.plist */,
			);
			name = Resources;
			sourceTree = "<group>";
		};
		29B97323FDCFA39411CA2CEA /* Frameworks */ = {
			isa = PBXGroup;
			children = (
				64716CF010617C08004A9B26 /* AddressBook.framework */,
				64716CF210617C08004A9B26 /* AddressBookUI.framework */,
				1DF5F4DF0D08C38300B7A737 /* UIKit.framework */,
				1D30AB110D05D00D00671497 /* Foundation.framework */,
				288765FC0DF74451002DB57D /* CoreGraphics.framework */,
			);
			name = Frameworks;
			sourceTree = "<group>";
		};
		75EFE30213CE110400DD8D0E /* Classes */ = {
			isa = PBXGroup;
			children = (
				75EFE30313CE110400DD8D0E /* BoxPopupAppDelegate.h */,
				75EFE30413CE110400DD8D0E /* BoxPopupAppDelegate.m */,
				75EFE30513CE110400DD8D0E /* BoxPopupConstants.h */,
				75EFE30613CE110400DD8D0E /* BoxPopupDelegate.h */,
				75EFE30713CE110400DD8D0E /* Controllers */,
				75EFE32613CE110400DD8D0E /* Models */,
				75EFE37213CE110400DD8D0E /* Utilities */,
				75EFE37913CE110400DD8D0E /* Vendor */,
				75EFE37D13CE110400DD8D0E /* Views */,
			);
			path = Classes;
			sourceTree = "<group>";
		};
		75EFE30713CE110400DD8D0E /* Controllers */ = {
			isa = PBXGroup;
			children = (
				75EFE30813CE110400DD8D0E /* BoxActionTableViewController.h */,
				75EFE30913CE110400DD8D0E /* BoxActionTableViewController.m */,
				75EFE30A13CE110400DD8D0E /* BoxActionTextInputController.h */,
				75EFE30B13CE110400DD8D0E /* BoxActionTextInputController.m */,
				75EFE30C13CE110400DD8D0E /* BoxCommentTableViewController.h */,
				75EFE30D13CE110400DD8D0E /* BoxCommentTableViewController.m */,
				75EFE30E13CE110400DD8D0E /* BoxCommonUISetup.h */,
				75EFE30F13CE110400DD8D0E /* BoxCommonUISetup.m */,
				75EFE31013CE110400DD8D0E /* BoxFlipViewController.h */,
				75EFE31113CE110400DD8D0E /* BoxFlipViewController.m */,
				75EFE31213CE110400DD8D0E /* BoxFolderChooserTableViewController.h */,
				75EFE31313CE110400DD8D0E /* BoxFolderChooserTableViewController.m */,
				75EFE31413CE110400DD8D0E /* BoxLoginBuilder.h */,
				75EFE31513CE110400DD8D0E /* BoxLoginBuilder.m */,
				75EFE31613CE110400DD8D0E /* BoxLoginController.h */,
				75EFE31713CE110400DD8D0E /* BoxLoginController.m */,
				75EFE31813CE110400DD8D0E /* BoxLoginTableViewController.h */,
				75EFE31913CE110400DD8D0E /* BoxLoginTableViewController.m */,
				75EFE31A13CE110400DD8D0E /* BoxPopupController.h */,
				75EFE31B13CE110400DD8D0E /* BoxPopupController.m */,
				75EFE31C13CE110400DD8D0E /* BoxPopupExampleController.h */,
				75EFE31D13CE110400DD8D0E /* BoxPopupExampleController.m */,
				75EFE31E13CE110400DD8D0E /* BoxPopupMainViewController.h */,
				75EFE31F13CE110400DD8D0E /* BoxPopupMainViewController.m */,
				75EFE32013CE110400DD8D0E /* BoxRegisterViewController.h */,
				75EFE32113CE110400DD8D0E /* BoxRegisterViewController.m */,
				75EFE32213CE110400DD8D0E /* BoxShareActionInputController.h */,
				75EFE32313CE110400DD8D0E /* BoxShareActionInputController.m */,
				75EFE32413CE110400DD8D0E /* BoxSpinnerOverlayViewController.h */,
				75EFE32513CE110400DD8D0E /* BoxSpinnerOverlayViewController.m */,
			);
			path = Controllers;
			sourceTree = "<group>";
		};
		75EFE32613CE110400DD8D0E /* Models */ = {
			isa = PBXGroup;
			children = (
				75EFE32713CE110400DD8D0E /* BoxFile.h */,
				75EFE32813CE110400DD8D0E /* BoxFile.m */,
				75EFE32913CE110400DD8D0E /* BoxFolder+SaveableFolder.h */,
				75EFE32A13CE110400DD8D0E /* BoxFolder+SaveableFolder.m */,
				75EFE32B13CE110400DD8D0E /* BoxFolder.h */,
				75EFE32C13CE110400DD8D0E /* BoxFolder.m */,
				75EFE32D13CE110400DD8D0E /* BoxComment.h */,
				75EFE32E13CE110400DD8D0E /* BoxComment.m */,
				75EFE32F13CE110400DD8D0E /* BoxObject.h */,
				75EFE33013CE110400DD8D0E /* BoxObject.m */,
				75EFE33413CE110400DD8D0E /* BoxRESTApiFactory.h */,
				75EFE33513CE110400DD8D0E /* BoxRESTApiFactory.m */,
				75EFE33613CE110400DD8D0E /* BoxUpdate.h */,
				75EFE33713CE110400DD8D0E /* BoxUpdate.m */,
				75EFE33813CE110400DD8D0E /* BoxUser.h */,
				75EFE33913CE110400DD8D0E /* BoxUser.m */,
				75EFE33A13CE110400DD8D0E /* Builders */,
				75EFE34713CE110400DD8D0E /* Operations */,
			);
			path = Models;
			sourceTree = "<group>";
		};
		75EFE33A13CE110400DD8D0E /* Builders */ = {
			isa = PBXGroup;
			children = (
				75EFE33B13CE110400DD8D0E /* BoxCommentsListModelXMLBuilder.h */,
				75EFE33C13CE110400DD8D0E /* BoxCommentsListModelXMLBuilder.m */,
				75EFE33D13CE110400DD8D0E /* BoxFolderXMLBuilder.h */,
				75EFE33E13CE110400DD8D0E /* BoxFolderXMLBuilder.m */,
				75EFE33F13CE110400DD8D0E /* BoxHTTPRequestBuilders.h */,
				75EFE34013CE110400DD8D0E /* BoxHTTPRequestBuilders.m */,
				75EFE34513CE110400DD8D0E /* BoxUpdatesListModelXMLBuilder.h */,
				75EFE34613CE110400DD8D0E /* BoxUpdatesListModelXMLBuilder.m */,
			);
			path = Builders;
			sourceTree = "<group>";
		};
		75EFE34713CE110400DD8D0E /* Operations */ = {
			isa = PBXGroup;
			children = (
				75EFE34813CE110400DD8D0E /* BoxAddCommentsOperation.h */,
				75EFE34913CE110400DD8D0E /* BoxAddCommentsOperation.m */,
				75EFE34A13CE110400DD8D0E /* BoxAPIOperation.h */,
				75EFE34B13CE110400DD8D0E /* BoxAPIOperation.m */,
				75EFE34C13CE110400DD8D0E /* BoxCopyOperation.h */,
				75EFE34D13CE110400DD8D0E /* BoxCopyOperation.m */,
				75EFE34E13CE110400DD8D0E /* BoxCreateFolderOperation.h */,
				75EFE34F13CE110400DD8D0E /* BoxCreateFolderOperation.m */,
				75EFE35013CE110400DD8D0E /* BoxDeleteCommentOperation.h */,
				75EFE35113CE110400DD8D0E /* BoxDeleteCommentOperation.m */,
				75EFE35213CE110400DD8D0E /* BoxDeleteOperation.h */,
				75EFE35313CE110400DD8D0E /* BoxDeleteOperation.m */,
				75EFE35413CE110400DD8D0E /* BoxDownloadOperation.h */,
				75EFE35513CE110400DD8D0E /* BoxDownloadOperation.m */,
				75EFE35613CE110400DD8D0E /* BoxGetAuthTokenOperation.h */,
				75EFE35713CE110400DD8D0E /* BoxGetAuthTokenOperation.m */,
				75EFE35813CE110400DD8D0E /* BoxGetCommentsOperation.h */,
				75EFE35913CE110400DD8D0E /* BoxGetCommentsOperation.m */,
				75EFE35A13CE110400DD8D0E /* BoxGetTicketOperation.h */,
				75EFE35B13CE110400DD8D0E /* BoxGetTicketOperation.m */,
				75EFE35C13CE110400DD8D0E /* BoxGetUpdatesOperation.h */,
				75EFE35D13CE110400DD8D0E /* BoxGetUpdatesOperation.m */,
				75EFE36013CE110400DD8D0E /* BoxMoveOperation.h */,
				75EFE36113CE110400DD8D0E /* BoxMoveOperation.m */,
				75EFE36213CE110400DD8D0E /* BoxNetworkOperation.h */,
				75EFE36313CE110400DD8D0E /* BoxNetworkOperation.m */,
				75EFE36413CE110400DD8D0E /* BoxOperation.h */,
				75EFE36513CE110400DD8D0E /* BoxOperation.m */,
				75EFE36613CE110400DD8D0E /* BoxPrivateShareOperation.h */,
				75EFE36713CE110400DD8D0E /* BoxPrivateShareOperation.m */,
				75EFE36813CE110400DD8D0E /* BoxPublicShareOperation.h */,
				75EFE36913CE110400DD8D0E /* BoxPublicShareOperation.m */,
				75EFE36A13CE110400DD8D0E /* BoxPublicUnshareOperation.h */,
				75EFE36B13CE110400DD8D0E /* BoxPublicUnshareOperation.m */,
				75EFE36C13CE110400DD8D0E /* BoxRegisterOperation.h */,
				75EFE36D13CE110400DD8D0E /* BoxRegisterOperation.m */,
				75EFE36E13CE110400DD8D0E /* BoxRenameOperation.h */,
				75EFE36F13CE110400DD8D0E /* BoxRenameOperation.m */,
				75EFE37013CE110400DD8D0E /* BoxUploadOperation.h */,
				75EFE37113CE110400DD8D0E /* BoxUploadOperation.m */,
			);
			path = Operations;
			sourceTree = "<group>";
		};
		75EFE37213CE110400DD8D0E /* Utilities */ = {
			isa = PBXGroup;
			children = (
				75EFE37313CE110400DD8D0E /* BoxModelUtilityFunctions.h */,
				75EFE37413CE110400DD8D0E /* BoxModelUtilityFunctions.m */,
				75EFE37513CE110400DD8D0E /* NSArray+BoxUtils.h */,
				75EFE37613CE110400DD8D0E /* NSArray+BoxUtils.m */,
				75EFE37713CE110400DD8D0E /* NSDictionaryXMLParser.h */,
				75EFE37813CE110400DD8D0E /* NSDictionaryXMLParser.m */,
			);
			path = Utilities;
			sourceTree = "<group>";
		};
		75EFE37913CE110400DD8D0E /* Vendor */ = {
			isa = PBXGroup;
			children = (
				75EFE37A13CE110400DD8D0E /* GTMDefines.h */,
				75EFE37B13CE110400DD8D0E /* GTMRegex.h */,
				75EFE37C13CE110400DD8D0E /* GTMRegex.m */,
			);
			path = Vendor;
			sourceTree = "<group>";
		};
		75EFE37D13CE110400DD8D0E /* Views */ = {
			isa = PBXGroup;
			children = (
				75EFE37E13CE110400DD8D0E /* BoxActionTableView.xib */,
				75EFE37F13CE110400DD8D0E /* BoxActionTextInputController.xib */,
				75EFE38013CE110400DD8D0E /* BoxCommentTableViewController.xib */,
				75EFE38113CE110400DD8D0E /* BoxFlipViewController.xib */,
				75EFE38213CE110400DD8D0E /* BoxLoginTableView.xib */,
				75EFE38313CE110400DD8D0E /* BoxLoginView.xib */,
				75EFE38413CE110400DD8D0E /* BoxPopupController.xib */,
				75EFE38513CE110400DD8D0E /* BoxPopupExampleView.xib */,
				75EFE38613CE110400DD8D0E /* BoxPopupMainView.xib */,
				75EFE38713CE110400DD8D0E /* BoxRegisterView.xib */,
				75EFE38813CE110400DD8D0E /* BoxShareActionInputController.xib */,
				75EFE38913CE110400DD8D0E /* BoxSpinnerOverlayView.xib */,
				75EFE38A13CE110400DD8D0E /* MainWindow.xib */,
			);
			path = Views;
			sourceTree = "<group>";
		};
/* End PBXGroup section */

/* Begin PBXNativeTarget section */
		1D6058900D05DD3D006BFB54 /* BoxAPI */ = {
			isa = PBXNativeTarget;
			buildConfigurationList = 1D6058960D05DD3E006BFB54 /* Build configuration list for PBXNativeTarget "BoxAPI" */;
			buildPhases = (
				1D60588D0D05DD3D006BFB54 /* Resources */,
				1D60588E0D05DD3D006BFB54 /* Sources */,
				1D60588F0D05DD3D006BFB54 /* Frameworks */,
			);
			buildRules = (
			);
			dependencies = (
			);
			name = BoxAPI;
			productName = BoxPopup;
			productReference = 1D6058910D05DD3D006BFB54 /* BoxAPITest.app */;
			productType = "com.apple.product-type.application";
		};
/* End PBXNativeTarget section */

/* Begin PBXProject section */
		29B97313FDCFA39411CA2CEA /* Project object */ = {
			isa = PBXProject;
			buildConfigurationList = C01FCF4E08A954540054247B /* Build configuration list for PBXProject "BoxAPI" */;
			compatibilityVersion = "Xcode 3.1";
			developmentRegion = English;
			hasScannedForEncodings = 1;
			knownRegions = (
				English,
				Japanese,
				French,
				German,
			);
			mainGroup = 29B97314FDCFA39411CA2CEA /* CustomTemplate */;
			projectDirPath = "";
			projectRoot = "";
			targets = (
				1D6058900D05DD3D006BFB54 /* BoxAPI */,
			);
		};
/* End PBXProject section */

/* Begin PBXResourcesBuildPhase section */
		1D60588D0D05DD3D006BFB54 /* Resources */ = {
			isa = PBXResourcesBuildPhase;
			buildActionMask = 2147483647;
			files = (
				6497E523107B0247000AC9BC /* Entitlements.plist in Resources */,
				75EFE2EF13CE104800DD8D0E /* BoxBlueGradientBackground.gif in Resources */,
				75EFE2F013CE104800DD8D0E /* BoxBoxLogo.gif in Resources */,
				75EFE2F113CE104800DD8D0E /* BoxCollabFolder.png in Resources */,
				75EFE2F213CE104800DD8D0E /* BoxDocumentIcon.png in Resources */,
				75EFE2F313CE104800DD8D0E /* BoxFileInfoField.png in Resources */,
				75EFE2F413CE104800DD8D0E /* BoxFolderIcon-old.png in Resources */,
				75EFE2F513CE104800DD8D0E /* BoxFolderIcon.png in Resources */,
				75EFE2F613CE104800DD8D0E /* BoxFolderIconShared.gif in Resources */,
				75EFE2F713CE104800DD8D0E /* BoxLargeButtonImage.png in Resources */,
				75EFE2F813CE104800DD8D0E /* BoxLoginFormField.gif in Resources */,
				75EFE2F913CE104800DD8D0E /* BoxLoginTableViewBackground.png in Resources */,
				75EFE2FA13CE104800DD8D0E /* BoxRegistrationFields-old.png in Resources */,
				75EFE2FB13CE104800DD8D0E /* BoxRegistrationFields.png in Resources */,
				75EFE2FC13CE104800DD8D0E /* BoxSectionBarBackground.png in Resources */,
				75EFE2FD13CE104800DD8D0E /* BoxSmallButtonImage.png in Resources */,
				75EFE2FE13CE104800DD8D0E /* BoxTopBarLogo.png in Resources */,
				75EFE2FF13CE104800DD8D0E /* BoxUserIcon.png in Resources */,
				75EFE30013CE104800DD8D0E /* Simple Text Format.rtf in Resources */,
				75EFE30113CE104800DD8D0E /* Simple Word Doc.docx in Resources */,
				75EFE3C313CE110400DD8D0E /* BoxActionTableView.xib in Resources */,
				75EFE3C413CE110400DD8D0E /* BoxActionTextInputController.xib in Resources */,
				75EFE3C513CE110400DD8D0E /* BoxCommentTableViewController.xib in Resources */,
				75EFE3C613CE110400DD8D0E /* BoxFlipViewController.xib in Resources */,
				75EFE3C713CE110400DD8D0E /* BoxLoginTableView.xib in Resources */,
				75EFE3C813CE110400DD8D0E /* BoxLoginView.xib in Resources */,
				75EFE3C913CE110400DD8D0E /* BoxPopupController.xib in Resources */,
				75EFE3CA13CE110400DD8D0E /* BoxPopupExampleView.xib in Resources */,
				75EFE3CB13CE110400DD8D0E /* BoxPopupMainView.xib in Resources */,
				75EFE3CC13CE110400DD8D0E /* BoxRegisterView.xib in Resources */,
				75EFE3CD13CE110400DD8D0E /* BoxShareActionInputController.xib in Resources */,
				75EFE3CE13CE110400DD8D0E /* BoxSpinnerOverlayView.xib in Resources */,
				75EFE3CF13CE110400DD8D0E /* MainWindow.xib in Resources */,
			);
			runOnlyForDeploymentPostprocessing = 0;
		};
/* End PBXResourcesBuildPhase section */

/* Begin PBXSourcesBuildPhase section */
		1D60588E0D05DD3D006BFB54 /* Sources */ = {
			isa = PBXSourcesBuildPhase;
			buildActionMask = 2147483647;
			files = (
				1D60589B0D05DD56006BFB54 /* main.m in Sources */,
				75EFE38B13CE110400DD8D0E /* BoxPopupAppDelegate.m in Sources */,
				75EFE38C13CE110400DD8D0E /* BoxActionTableViewController.m in Sources */,
				75EFE38D13CE110400DD8D0E /* BoxActionTextInputController.m in Sources */,
				75EFE38E13CE110400DD8D0E /* BoxCommentTableViewController.m in Sources */,
				75EFE38F13CE110400DD8D0E /* BoxCommonUISetup.m in Sources */,
				75EFE39013CE110400DD8D0E /* BoxFlipViewController.m in Sources */,
				75EFE39113CE110400DD8D0E /* BoxFolderChooserTableViewController.m in Sources */,
				75EFE39213CE110400DD8D0E /* BoxLoginBuilder.m in Sources */,
				75EFE39313CE110400DD8D0E /* BoxLoginController.m in Sources */,
				75EFE39413CE110400DD8D0E /* BoxLoginTableViewController.m in Sources */,
				75EFE39513CE110400DD8D0E /* BoxPopupController.m in Sources */,
				75EFE39613CE110400DD8D0E /* BoxPopupExampleController.m in Sources */,
				75EFE39713CE110400DD8D0E /* BoxPopupMainViewController.m in Sources */,
				75EFE39813CE110400DD8D0E /* BoxRegisterViewController.m in Sources */,
				75EFE39913CE110400DD8D0E /* BoxShareActionInputController.m in Sources */,
				75EFE39A13CE110400DD8D0E /* BoxSpinnerOverlayViewController.m in Sources */,
				75EFE39B13CE110400DD8D0E /* BoxFile.m in Sources */,
				75EFE39C13CE110400DD8D0E /* BoxFolder+SaveableFolder.m in Sources */,
				75EFE39D13CE110400DD8D0E /* BoxFolder.m in Sources */,
				75EFE39E13CE110400DD8D0E /* BoxComment.m in Sources */,
				75EFE39F13CE110400DD8D0E /* BoxObject.m in Sources */,
				75EFE3A113CE110400DD8D0E /* BoxRESTApiFactory.m in Sources */,
				75EFE3A213CE110400DD8D0E /* BoxUpdate.m in Sources */,
				75EFE3A313CE110400DD8D0E /* BoxUser.m in Sources */,
				75EFE3A413CE110400DD8D0E /* BoxCommentsListModelXMLBuilder.m in Sources */,
				75EFE3A513CE110400DD8D0E /* BoxFolderXMLBuilder.m in Sources */,
				75EFE3A613CE110400DD8D0E /* BoxHTTPRequestBuilders.m in Sources */,
				75EFE3A913CE110400DD8D0E /* BoxUpdatesListModelXMLBuilder.m in Sources */,
				75EFE3AA13CE110400DD8D0E /* BoxAddCommentsOperation.m in Sources */,
				75EFE3AB13CE110400DD8D0E /* BoxAPIOperation.m in Sources */,
				75EFE3AC13CE110400DD8D0E /* BoxCopyOperation.m in Sources */,
				75EFE3AD13CE110400DD8D0E /* BoxCreateFolderOperation.m in Sources */,
				75EFE3AE13CE110400DD8D0E /* BoxDeleteCommentOperation.m in Sources */,
				75EFE3AF13CE110400DD8D0E /* BoxDeleteOperation.m in Sources */,
				75EFE3B013CE110400DD8D0E /* BoxDownloadOperation.m in Sources */,
				75EFE3B113CE110400DD8D0E /* BoxGetAuthTokenOperation.m in Sources */,
				75EFE3B213CE110400DD8D0E /* BoxGetCommentsOperation.m in Sources */,
				75EFE3B313CE110400DD8D0E /* BoxGetTicketOperation.m in Sources */,
				75EFE3B413CE110400DD8D0E /* BoxGetUpdatesOperation.m in Sources */,
				75EFE3B613CE110400DD8D0E /* BoxMoveOperation.m in Sources */,
				75EFE3B713CE110400DD8D0E /* BoxNetworkOperation.m in Sources */,
				75EFE3B813CE110400DD8D0E /* BoxOperation.m in Sources */,
				75EFE3B913CE110400DD8D0E /* BoxPrivateShareOperation.m in Sources */,
				75EFE3BA13CE110400DD8D0E /* BoxPublicShareOperation.m in Sources */,
				75EFE3BB13CE110400DD8D0E /* BoxPublicUnshareOperation.m in Sources */,
				75EFE3BC13CE110400DD8D0E /* BoxRegisterOperation.m in Sources */,
				75EFE3BD13CE110400DD8D0E /* BoxRenameOperation.m in Sources */,
				75EFE3BE13CE110400DD8D0E /* BoxUploadOperation.m in Sources */,
				75EFE3BF13CE110400DD8D0E /* BoxModelUtilityFunctions.m in Sources */,
				75EFE3C013CE110400DD8D0E /* NSArray+BoxUtils.m in Sources */,
				75EFE3C113CE110400DD8D0E /* NSDictionaryXMLParser.m in Sources */,
				75EFE3C213CE110400DD8D0E /* GTMRegex.m in Sources */,
			);
			runOnlyForDeploymentPostprocessing = 0;
		};
/* End PBXSourcesBuildPhase section */

/* Begin XCBuildConfiguration section */
		1D6058940D05DD3E006BFB54 /* Debug */ = {
			isa = XCBuildConfiguration;
			buildSettings = {
				ALWAYS_SEARCH_USER_PATHS = NO;
				COPY_PHASE_STRIP = NO;
				FRAMEWORK_SEARCH_PATHS = (
					"$(inherited)",
					"\"$(SRCROOT)\"",
				);
				GCC_DYNAMIC_NO_PIC = NO;
				GCC_OPTIMIZATION_LEVEL = 0;
				GCC_PRECOMPILE_PREFIX_HEADER = YES;
				GCC_PREFIX_HEADER = BoxPopup_Prefix.pch;
				INFOPLIST_FILE = "BoxPopup-Info.plist";
				PRODUCT_NAME = BoxAPITest;
			};
			name = Debug;
		};
		1D6058950D05DD3E006BFB54 /* Release */ = {
			isa = XCBuildConfiguration;
			buildSettings = {
				ALWAYS_SEARCH_USER_PATHS = NO;
				CODE_SIGN_ENTITLEMENTS = Entitlements.plist;
				CODE_SIGN_IDENTITY = "iPhone Distribution";
				"CODE_SIGN_IDENTITY[sdk=iphoneos*]" = "iPhone Distribution: Box.net";
				COPY_PHASE_STRIP = YES;
				FRAMEWORK_SEARCH_PATHS = (
					"$(inherited)",
					"\"$(SRCROOT)\"",
				);
				GCC_PRECOMPILE_PREFIX_HEADER = YES;
				GCC_PREFIX_HEADER = BoxPopup_Prefix.pch;
				INFOPLIST_FILE = "BoxPopup-Info.plist";
				PRODUCT_NAME = BoxPopup;
				PROVISIONING_PROFILE = "";
				"PROVISIONING_PROFILE[sdk=iphoneos*]" = "07F8DCC8-B791-4A53-BF8A-63EC89607F99";
			};
			name = Release;
		};
		C01FCF4F08A954540054247B /* Debug */ = {
			isa = XCBuildConfiguration;
			buildSettings = {
				ARCHS = "$(ARCHS_STANDARD_32_BIT)";
				"CODE_SIGN_IDENTITY[sdk=iphoneos*]" = "iPhone Developer: Michael Smith (RVHMJLCC4E)";
				GCC_C_LANGUAGE_STANDARD = c99;
				GCC_WARN_ABOUT_RETURN_TYPE = YES;
				GCC_WARN_UNUSED_VARIABLE = YES;
				IPHONEOS_DEPLOYMENT_TARGET = 2.0;
				PREBINDING = NO;
				"PROVISIONING_PROFILE[sdk=iphoneos*]" = "7A5162A2-5E07-4C3C-B976-641F3C83475F";
				SDKROOT = iphoneos4.3;
			};
			name = Debug;
		};
		C01FCF5008A954540054247B /* Release */ = {
			isa = XCBuildConfiguration;
			buildSettings = {
				ARCHS = "$(ARCHS_STANDARD_32_BIT)";
				"CODE_SIGN_IDENTITY[sdk=iphoneos*]" = "iPhone Developer";
				GCC_C_LANGUAGE_STANDARD = c99;
				GCC_WARN_ABOUT_RETURN_TYPE = YES;
				GCC_WARN_UNUSED_VARIABLE = YES;
				PREBINDING = NO;
				SDKROOT = iphoneos4.3;
			};
			name = Release;
		};
/* End XCBuildConfiguration section */

/* Begin XCConfigurationList section */
		1D6058960D05DD3E006BFB54 /* Build configuration list for PBXNativeTarget "BoxAPI" */ = {
			isa = XCConfigurationList;
			buildConfigurations = (
				1D6058940D05DD3E006BFB54 /* Debug */,
				1D6058950D05DD3E006BFB54 /* Release */,
			);
			defaultConfigurationIsVisible = 0;
			defaultConfigurationName = Release;
		};
		C01FCF4E08A954540054247B /* Build configuration list for PBXProject "BoxAPI" */ = {
			isa = XCConfigurationList;
			buildConfigurations = (
				C01FCF4F08A954540054247B /* Debug */,
				C01FCF5008A954540054247B /* Release */,
			);
			defaultConfigurationIsVisible = 0;
			defaultConfigurationName = Release;
		};
/* End XCConfigurationList section */
	};
	rootObject = 29B97313FDCFA39411CA2CEA /* Project object */;
}
